// !$*UTF8*$!
{
	archiveVersion = 1;
	classes = {
	};
	objectVersion = 55;
	objects = {

/* Begin PBXBuildFile section */
		9A02F972283F80DC00C1737D /* VideoPlayer.swift in Sources */ = {isa = PBXBuildFile; fileRef = 9A02F971283F80DC00C1737D /* VideoPlayer.swift */; };
		9A6FFF112837886D002B0844 /* RelaxMaxApp.swift in Sources */ = {isa = PBXBuildFile; fileRef = 9A6FFF102837886D002B0844 /* RelaxMaxApp.swift */; };
		9A6FFF152837886D002B0844 /* Assets.xcassets in Resources */ = {isa = PBXBuildFile; fileRef = 9A6FFF142837886D002B0844 /* Assets.xcassets */; };
		9A6FFF182837886D002B0844 /* Preview Assets.xcassets in Resources */ = {isa = PBXBuildFile; fileRef = 9A6FFF172837886D002B0844 /* Preview Assets.xcassets */; };
		9A6FFF1F2837888D002B0844 /* HomeView.swift in Sources */ = {isa = PBXBuildFile; fileRef = 9A6FFF1E2837888D002B0844 /* HomeView.swift */; };
		9A6FFF21283788E0002B0844 /* SmartView.swift in Sources */ = {isa = PBXBuildFile; fileRef = 9A6FFF20283788E0002B0844 /* SmartView.swift */; };
		9A6FFF2328378915002B0844 /* FocusView.swift in Sources */ = {isa = PBXBuildFile; fileRef = 9A6FFF2228378915002B0844 /* FocusView.swift */; };
		9A6FFF25283789C5002B0844 /* RelaxView.swift in Sources */ = {isa = PBXBuildFile; fileRef = 9A6FFF24283789C5002B0844 /* RelaxView.swift */; };
		9A6FFF2928378A55002B0844 /* GradientAnim.swift in Sources */ = {isa = PBXBuildFile; fileRef = 9A6FFF2828378A55002B0844 /* GradientAnim.swift */; };
		9A6FFF2B28378A76002B0844 /* FocusViewModel.swift in Sources */ = {isa = PBXBuildFile; fileRef = 9A6FFF2A28378A76002B0844 /* FocusViewModel.swift */; };
		9A6FFF2D28378AB5002B0844 /* AudioService.swift in Sources */ = {isa = PBXBuildFile; fileRef = 9A6FFF2C28378AB5002B0844 /* AudioService.swift */; };
		9A6FFF2F28378B45002B0844 /* ClockView.swift in Sources */ = {isa = PBXBuildFile; fileRef = 9A6FFF2E28378B45002B0844 /* ClockView.swift */; };
		9A6FFF3128378B82002B0844 /* CirclesAnimationView.swift in Sources */ = {isa = PBXBuildFile; fileRef = 9A6FFF3028378B82002B0844 /* CirclesAnimationView.swift */; };
		9A6FFF3328378BBB002B0844 /* PlayerAudioView.swift in Sources */ = {isa = PBXBuildFile; fileRef = 9A6FFF3228378BBB002B0844 /* PlayerAudioView.swift */; };
		9A6FFF3528378C10002B0844 /* TimerService.swift in Sources */ = {isa = PBXBuildFile; fileRef = 9A6FFF3428378C10002B0844 /* TimerService.swift */; };
		9A6FFF3728378C3B002B0844 /* CircleModel.swift in Sources */ = {isa = PBXBuildFile; fileRef = 9A6FFF3628378C3B002B0844 /* CircleModel.swift */; };
		9A6FFF3D28378D3E002B0844 /* sound1.mp3 in Resources */ = {isa = PBXBuildFile; fileRef = 9A6FFF3A28378D3E002B0844 /* sound1.mp3 */; };
		9A6FFF3E28378D3E002B0844 /* sound2.mp3 in Resources */ = {isa = PBXBuildFile; fileRef = 9A6FFF3B28378D3E002B0844 /* sound2.mp3 */; };
		9A6FFF3F28378D3E002B0844 /* relax1.mp3 in Resources */ = {isa = PBXBuildFile; fileRef = 9A6FFF3C28378D3E002B0844 /* relax1.mp3 */; };
		9A6FFF4328379DF0002B0844 /* Extensions.swift in Sources */ = {isa = PBXBuildFile; fileRef = 9A6FFF4228379DF0002B0844 /* Extensions.swift */; };
		9A6FFF4928379F74002B0844 /* RelaxView2.swift in Sources */ = {isa = PBXBuildFile; fileRef = 9A6FFF4828379F74002B0844 /* RelaxView2.swift */; };
		9A6FFF4B2837A58E002B0844 /* HomeFrameView.swift in Sources */ = {isa = PBXBuildFile; fileRef = 9A6FFF4A2837A58E002B0844 /* HomeFrameView.swift */; };
		9A6FFF4E2837F09B002B0844 /* quotes.json in Resources */ = {isa = PBXBuildFile; fileRef = 9A6FFF4D2837F09B002B0844 /* quotes.json */; };
		9A6FFF502837F0CF002B0844 /* QuoteService.swift in Sources */ = {isa = PBXBuildFile; fileRef = 9A6FFF4F2837F0CF002B0844 /* QuoteService.swift */; };
		9A6FFF532838D1DB002B0844 /* BreathView.swift in Sources */ = {isa = PBXBuildFile; fileRef = 9A6FFF522838D1DB002B0844 /* BreathView.swift */; };
		9A6FFF562838F1D6002B0844 /* FlowerView.swift in Sources */ = {isa = PBXBuildFile; fileRef = 9A6FFF552838F1D6002B0844 /* FlowerView.swift */; };
		9A6FFF592838FE91002B0844 /* BreathViewModel.swift in Sources */ = {isa = PBXBuildFile; fileRef = 9A6FFF582838FE91002B0844 /* BreathViewModel.swift */; };
		9A75F0F3284381C700A3096B /* exhale.mp3 in Resources */ = {isa = PBXBuildFile; fileRef = 9A75F0F2284381C700A3096B /* exhale.mp3 */; };
		9A75F0F5284381DB00A3096B /* inhale.mp3 in Resources */ = {isa = PBXBuildFile; fileRef = 9A75F0F4284381DB00A3096B /* inhale.mp3 */; };
		9A75F0F72843924A00A3096B /* Breath.mp3 in Resources */ = {isa = PBXBuildFile; fileRef = 9A75F0F62843924A00A3096B /* Breath.mp3 */; };
		9A75F0F92843A5A500A3096B /* breathReward.mp3 in Resources */ = {isa = PBXBuildFile; fileRef = 9A75F0F82843A5A500A3096B /* breathReward.mp3 */; };
		9A8FA2EF283A65D100F6DBB8 /* bell.wav in Resources */ = {isa = PBXBuildFile; fileRef = 9A8FA2EE283A65D100F6DBB8 /* bell.wav */; };
		9A8FA2F1283A6CE300F6DBB8 /* TestView.swift in Sources */ = {isa = PBXBuildFile; fileRef = 9A8FA2F0283A6CE300F6DBB8 /* TestView.swift */; };
		9A8FA2F5283BC7C000F6DBB8 /* SpringAnim.swift in Sources */ = {isa = PBXBuildFile; fileRef = 9A8FA2F4283BC7C000F6DBB8 /* SpringAnim.swift */; };
		9A8FA2F7283CC46900F6DBB8 /* FocusInfoView.swift in Sources */ = {isa = PBXBuildFile; fileRef = 9A8FA2F6283CC46900F6DBB8 /* FocusInfoView.swift */; };
		9A8FA2F9283CCB4200F6DBB8 /* BreathInfoView.swift in Sources */ = {isa = PBXBuildFile; fileRef = 9A8FA2F8283CCB4200F6DBB8 /* BreathInfoView.swift */; };
		9A8FA2FB283D4A5400F6DBB8 /* marconi.mp3 in Resources */ = {isa = PBXBuildFile; fileRef = 9A8FA2FA283D4A5400F6DBB8 /* marconi.mp3 */; };
		9A8FA2FD283E217600F6DBB8 /* SmartInfoView.swift in Sources */ = {isa = PBXBuildFile; fileRef = 9A8FA2FC283E217600F6DBB8 /* SmartInfoView.swift */; };
		9A8FA302283F6C3F00F6DBB8 /* SmartFrameView.swift in Sources */ = {isa = PBXBuildFile; fileRef = 9A8FA301283F6C3F00F6DBB8 /* SmartFrameView.swift */; };
		9A8FA304283F6D3B00F6DBB8 /* BreathFrameView.swift in Sources */ = {isa = PBXBuildFile; fileRef = 9A8FA303283F6D3B00F6DBB8 /* BreathFrameView.swift */; };
		9A8FA306283F772900F6DBB8 /* FocusFrameView.swift in Sources */ = {isa = PBXBuildFile; fileRef = 9A8FA305283F772900F6DBB8 /* FocusFrameView.swift */; };
		9A8FA308283F7F9800F6DBB8 /* spaceVideo.mov in Resources */ = {isa = PBXBuildFile; fileRef = 9A8FA307283F7F9800F6DBB8 /* spaceVideo.mov */; };
		9A9ED4F6284768ED00D2486E /* CollectionViewPagingLayout in Frameworks */ = {isa = PBXBuildFile; productRef = 9A9ED4F5284768ED00D2486E /* CollectionViewPagingLayout */; };
		9A9ED4FA28476CFD00D2486E /* TimeOptionsView.swift in Sources */ = {isa = PBXBuildFile; fileRef = 9A9ED4F928476CFD00D2486E /* TimeOptionsView.swift */; };
		9AAF66C72848E5B6005C52B4 /* CircularProgressView.swift in Sources */ = {isa = PBXBuildFile; fileRef = 9AAF66C62848E5B6005C52B4 /* CircularProgressView.swift */; };
		9AF92C63284A19BD0073FDDE /* BreathGradientView.swift in Sources */ = {isa = PBXBuildFile; fileRef = 9AF92C62284A19BD0073FDDE /* BreathGradientView.swift */; };
		9AF92C65284BA0C50073FDDE /* FocusGradientView.swift in Sources */ = {isa = PBXBuildFile; fileRef = 9AF92C64284BA0C50073FDDE /* FocusGradientView.swift */; };
/* End PBXBuildFile section */

/* Begin PBXFileReference section */
		9A02F971283F80DC00C1737D /* VideoPlayer.swift */ = {isa = PBXFileReference; lastKnownFileType = sourcecode.swift; path = VideoPlayer.swift; sourceTree = "<group>"; };
		9A6FFF0D2837886D002B0844 /* RelaxMax.app */ = {isa = PBXFileReference; explicitFileType = wrapper.application; includeInIndex = 0; path = RelaxMax.app; sourceTree = BUILT_PRODUCTS_DIR; };
		9A6FFF102837886D002B0844 /* RelaxMaxApp.swift */ = {isa = PBXFileReference; lastKnownFileType = sourcecode.swift; path = RelaxMaxApp.swift; sourceTree = "<group>"; };
		9A6FFF142837886D002B0844 /* Assets.xcassets */ = {isa = PBXFileReference; lastKnownFileType = folder.assetcatalog; path = Assets.xcassets; sourceTree = "<group>"; };
		9A6FFF172837886D002B0844 /* Preview Assets.xcassets */ = {isa = PBXFileReference; lastKnownFileType = folder.assetcatalog; path = "Preview Assets.xcassets"; sourceTree = "<group>"; };
		9A6FFF1E2837888D002B0844 /* HomeView.swift */ = {isa = PBXFileReference; lastKnownFileType = sourcecode.swift; path = HomeView.swift; sourceTree = "<group>"; };
		9A6FFF20283788E0002B0844 /* SmartView.swift */ = {isa = PBXFileReference; lastKnownFileType = sourcecode.swift; path = SmartView.swift; sourceTree = "<group>"; };
		9A6FFF2228378915002B0844 /* FocusView.swift */ = {isa = PBXFileReference; lastKnownFileType = sourcecode.swift; path = FocusView.swift; sourceTree = "<group>"; };
		9A6FFF24283789C5002B0844 /* RelaxView.swift */ = {isa = PBXFileReference; lastKnownFileType = sourcecode.swift; path = RelaxView.swift; sourceTree = "<group>"; };
		9A6FFF2828378A55002B0844 /* GradientAnim.swift */ = {isa = PBXFileReference; lastKnownFileType = sourcecode.swift; path = GradientAnim.swift; sourceTree = "<group>"; };
		9A6FFF2A28378A76002B0844 /* FocusViewModel.swift */ = {isa = PBXFileReference; lastKnownFileType = sourcecode.swift; path = FocusViewModel.swift; sourceTree = "<group>"; };
		9A6FFF2C28378AB5002B0844 /* AudioService.swift */ = {isa = PBXFileReference; lastKnownFileType = sourcecode.swift; path = AudioService.swift; sourceTree = "<group>"; };
		9A6FFF2E28378B45002B0844 /* ClockView.swift */ = {isa = PBXFileReference; lastKnownFileType = sourcecode.swift; path = ClockView.swift; sourceTree = "<group>"; };
		9A6FFF3028378B82002B0844 /* CirclesAnimationView.swift */ = {isa = PBXFileReference; lastKnownFileType = sourcecode.swift; path = CirclesAnimationView.swift; sourceTree = "<group>"; };
		9A6FFF3228378BBB002B0844 /* PlayerAudioView.swift */ = {isa = PBXFileReference; lastKnownFileType = sourcecode.swift; path = PlayerAudioView.swift; sourceTree = "<group>"; };
		9A6FFF3428378C10002B0844 /* TimerService.swift */ = {isa = PBXFileReference; lastKnownFileType = sourcecode.swift; path = TimerService.swift; sourceTree = "<group>"; };
		9A6FFF3628378C3B002B0844 /* CircleModel.swift */ = {isa = PBXFileReference; lastKnownFileType = sourcecode.swift; path = CircleModel.swift; sourceTree = "<group>"; };
		9A6FFF3A28378D3E002B0844 /* sound1.mp3 */ = {isa = PBXFileReference; lastKnownFileType = audio.mp3; path = sound1.mp3; sourceTree = "<group>"; };
		9A6FFF3B28378D3E002B0844 /* sound2.mp3 */ = {isa = PBXFileReference; lastKnownFileType = audio.mp3; path = sound2.mp3; sourceTree = "<group>"; };
		9A6FFF3C28378D3E002B0844 /* relax1.mp3 */ = {isa = PBXFileReference; lastKnownFileType = audio.mp3; path = relax1.mp3; sourceTree = "<group>"; };
		9A6FFF4228379DF0002B0844 /* Extensions.swift */ = {isa = PBXFileReference; lastKnownFileType = sourcecode.swift; path = Extensions.swift; sourceTree = "<group>"; };
		9A6FFF4828379F74002B0844 /* RelaxView2.swift */ = {isa = PBXFileReference; lastKnownFileType = sourcecode.swift; path = RelaxView2.swift; sourceTree = "<group>"; };
		9A6FFF4A2837A58E002B0844 /* HomeFrameView.swift */ = {isa = PBXFileReference; lastKnownFileType = sourcecode.swift; path = HomeFrameView.swift; sourceTree = "<group>"; };
		9A6FFF4D2837F09B002B0844 /* quotes.json */ = {isa = PBXFileReference; fileEncoding = 4; lastKnownFileType = text.json; path = quotes.json; sourceTree = "<group>"; };
		9A6FFF4F2837F0CF002B0844 /* QuoteService.swift */ = {isa = PBXFileReference; lastKnownFileType = sourcecode.swift; path = QuoteService.swift; sourceTree = "<group>"; };
		9A6FFF522838D1DB002B0844 /* BreathView.swift */ = {isa = PBXFileReference; lastKnownFileType = sourcecode.swift; path = BreathView.swift; sourceTree = "<group>"; };
		9A6FFF552838F1D6002B0844 /* FlowerView.swift */ = {isa = PBXFileReference; lastKnownFileType = sourcecode.swift; path = FlowerView.swift; sourceTree = "<group>"; };
		9A6FFF582838FE91002B0844 /* BreathViewModel.swift */ = {isa = PBXFileReference; lastKnownFileType = sourcecode.swift; path = BreathViewModel.swift; sourceTree = "<group>"; };
		9A75F0F2284381C700A3096B /* exhale.mp3 */ = {isa = PBXFileReference; lastKnownFileType = audio.mp3; path = exhale.mp3; sourceTree = "<group>"; };
		9A75F0F4284381DB00A3096B /* inhale.mp3 */ = {isa = PBXFileReference; lastKnownFileType = audio.mp3; path = inhale.mp3; sourceTree = "<group>"; };
		9A75F0F62843924A00A3096B /* Breath.mp3 */ = {isa = PBXFileReference; lastKnownFileType = audio.mp3; path = Breath.mp3; sourceTree = "<group>"; };
		9A75F0F82843A5A500A3096B /* breathReward.mp3 */ = {isa = PBXFileReference; lastKnownFileType = audio.mp3; path = breathReward.mp3; sourceTree = "<group>"; };
		9A8FA2EE283A65D100F6DBB8 /* bell.wav */ = {isa = PBXFileReference; lastKnownFileType = audio.wav; path = bell.wav; sourceTree = "<group>"; };
		9A8FA2F0283A6CE300F6DBB8 /* TestView.swift */ = {isa = PBXFileReference; lastKnownFileType = sourcecode.swift; path = TestView.swift; sourceTree = "<group>"; };
		9A8FA2F4283BC7C000F6DBB8 /* SpringAnim.swift */ = {isa = PBXFileReference; lastKnownFileType = sourcecode.swift; path = SpringAnim.swift; sourceTree = "<group>"; };
		9A8FA2F6283CC46900F6DBB8 /* FocusInfoView.swift */ = {isa = PBXFileReference; lastKnownFileType = sourcecode.swift; path = FocusInfoView.swift; sourceTree = "<group>"; };
		9A8FA2F8283CCB4200F6DBB8 /* BreathInfoView.swift */ = {isa = PBXFileReference; lastKnownFileType = sourcecode.swift; path = BreathInfoView.swift; sourceTree = "<group>"; };
		9A8FA2FA283D4A5400F6DBB8 /* marconi.mp3 */ = {isa = PBXFileReference; lastKnownFileType = audio.mp3; path = marconi.mp3; sourceTree = "<group>"; };
		9A8FA2FC283E217600F6DBB8 /* SmartInfoView.swift */ = {isa = PBXFileReference; lastKnownFileType = sourcecode.swift; path = SmartInfoView.swift; sourceTree = "<group>"; };
		9A8FA301283F6C3F00F6DBB8 /* SmartFrameView.swift */ = {isa = PBXFileReference; lastKnownFileType = sourcecode.swift; path = SmartFrameView.swift; sourceTree = "<group>"; };
		9A8FA303283F6D3B00F6DBB8 /* BreathFrameView.swift */ = {isa = PBXFileReference; lastKnownFileType = sourcecode.swift; name = BreathFrameView.swift; path = "RelaxMax/Main Views/BreathFrameView.swift"; sourceTree = SOURCE_ROOT; };
		9A8FA305283F772900F6DBB8 /* FocusFrameView.swift */ = {isa = PBXFileReference; lastKnownFileType = sourcecode.swift; path = FocusFrameView.swift; sourceTree = "<group>"; };
		9A8FA307283F7F9800F6DBB8 /* spaceVideo.mov */ = {isa = PBXFileReference; lastKnownFileType = video.quicktime; path = spaceVideo.mov; sourceTree = "<group>"; };
		9A9ED4F928476CFD00D2486E /* TimeOptionsView.swift */ = {isa = PBXFileReference; lastKnownFileType = sourcecode.swift; path = TimeOptionsView.swift; sourceTree = "<group>"; };
		9AAF66C62848E5B6005C52B4 /* CircularProgressView.swift */ = {isa = PBXFileReference; lastKnownFileType = sourcecode.swift; path = CircularProgressView.swift; sourceTree = "<group>"; };
		9AF92C62284A19BD0073FDDE /* BreathGradientView.swift */ = {isa = PBXFileReference; lastKnownFileType = sourcecode.swift; path = BreathGradientView.swift; sourceTree = SOURCE_ROOT; };
		9AF92C64284BA0C50073FDDE /* FocusGradientView.swift */ = {isa = PBXFileReference; lastKnownFileType = sourcecode.swift; path = FocusGradientView.swift; sourceTree = "<group>"; };
/* End PBXFileReference section */

/* Begin PBXFrameworksBuildPhase section */
		9A6FFF0A2837886D002B0844 /* Frameworks */ = {
			isa = PBXFrameworksBuildPhase;
			buildActionMask = 2147483647;
			files = (
				9A9ED4F6284768ED00D2486E /* CollectionViewPagingLayout in Frameworks */,
			);
			runOnlyForDeploymentPostprocessing = 0;
		};
/* End PBXFrameworksBuildPhase section */

/* Begin PBXGroup section */
		9A6FFF042837886D002B0844 = {
			isa = PBXGroup;
			children = (
				9A6FFF0F2837886D002B0844 /* RelaxMax */,
				9A6FFF0E2837886D002B0844 /* Products */,
			);
			sourceTree = "<group>";
		};
		9A6FFF0E2837886D002B0844 /* Products */ = {
			isa = PBXGroup;
			children = (
				9A6FFF0D2837886D002B0844 /* RelaxMax.app */,
			);
			name = Products;
			sourceTree = "<group>";
		};
		9A6FFF0F2837886D002B0844 /* RelaxMax */ = {
			isa = PBXGroup;
			children = (
				9A6FFF102837886D002B0844 /* RelaxMaxApp.swift */,
				9A6FFF4128378D66002B0844 /* Main Views */,
				9A6FFF4428379E0D002B0844 /* SubViews */,
				9A6FFF4528379E55002B0844 /* Helpers */,
				9A6FFF4028378D4A002B0844 /* Media Assets */,
				9A6FFF512837F0E0002B0844 /* DataModels */,
				9A6FFF4628379EC3002B0844 /* New Group */,
				9A6FFF142837886D002B0844 /* Assets.xcassets */,
				9A6FFF162837886D002B0844 /* Preview Content */,
			);
			path = RelaxMax;
			sourceTree = "<group>";
		};
		9A6FFF162837886D002B0844 /* Preview Content */ = {
			isa = PBXGroup;
			children = (
				9A6FFF172837886D002B0844 /* Preview Assets.xcassets */,
			);
			path = "Preview Content";
			sourceTree = "<group>";
		};
		9A6FFF4028378D4A002B0844 /* Media Assets */ = {
			isa = PBXGroup;
			children = (
				9A6FFF4D2837F09B002B0844 /* quotes.json */,
				9A6FFF3C28378D3E002B0844 /* relax1.mp3 */,
				9A75F0F82843A5A500A3096B /* breathReward.mp3 */,
				9A75F0F62843924A00A3096B /* Breath.mp3 */,
				9A8FA2FA283D4A5400F6DBB8 /* marconi.mp3 */,
				9A6FFF3A28378D3E002B0844 /* sound1.mp3 */,
				9A75F0F4284381DB00A3096B /* inhale.mp3 */,
				9A75F0F2284381C700A3096B /* exhale.mp3 */,
				9A8FA2EE283A65D100F6DBB8 /* bell.wav */,
				9A6FFF3B28378D3E002B0844 /* sound2.mp3 */,
				9A8FA307283F7F9800F6DBB8 /* spaceVideo.mov */,
			);
			path = "Media Assets";
			sourceTree = "<group>";
		};
		9A6FFF4128378D66002B0844 /* Main Views */ = {
			isa = PBXGroup;
			children = (
				9A6FFF1E2837888D002B0844 /* HomeView.swift */,
				9A8FA301283F6C3F00F6DBB8 /* SmartFrameView.swift */,
				9A8FA305283F772900F6DBB8 /* FocusFrameView.swift */,
				9A8FA303283F6D3B00F6DBB8 /* BreathFrameView.swift */,
				9A8FA2FE283E219E00F6DBB8 /* Smart Mode */,
				9A6FFF4728379EDA002B0844 /* Focus Mode */,
				9A6FFF542838EE0C002B0844 /* Breath */,
				9A6FFF572838F636002B0844 /* RelaxView */,
			);
			path = "Main Views";
			sourceTree = "<group>";
		};
		9A6FFF4428379E0D002B0844 /* SubViews */ = {
			isa = PBXGroup;
			children = (
				9A6FFF4A2837A58E002B0844 /* HomeFrameView.swift */,
				9A6FFF2E28378B45002B0844 /* ClockView.swift */,
				9A6FFF2828378A55002B0844 /* GradientAnim.swift */,
				9A6FFF3228378BBB002B0844 /* PlayerAudioView.swift */,
				9A6FFF3628378C3B002B0844 /* CircleModel.swift */,
				9A9ED4F928476CFD00D2486E /* TimeOptionsView.swift */,
				9A6FFF3028378B82002B0844 /* CirclesAnimationView.swift */,
				9AAF66C62848E5B6005C52B4 /* CircularProgressView.swift */,
				9A8FA2F0283A6CE300F6DBB8 /* TestView.swift */,
			);
			name = SubViews;
			path = ..;
			sourceTree = "<group>";
		};
		9A6FFF4528379E55002B0844 /* Helpers */ = {
			isa = PBXGroup;
			children = (
				9A02F971283F80DC00C1737D /* VideoPlayer.swift */,
				9A6FFF3428378C10002B0844 /* TimerService.swift */,
				9A6FFF2C28378AB5002B0844 /* AudioService.swift */,
				9A6FFF4F2837F0CF002B0844 /* QuoteService.swift */,
				9A6FFF4228379DF0002B0844 /* Extensions.swift */,
			);
			path = Helpers;
			sourceTree = "<group>";
		};
		9A6FFF4628379EC3002B0844 /* New Group */ = {
			isa = PBXGroup;
			children = (
			);
			path = "New Group";
			sourceTree = "<group>";
		};
		9A6FFF4728379EDA002B0844 /* Focus Mode */ = {
			isa = PBXGroup;
			children = (
				9AF92C64284BA0C50073FDDE /* FocusGradientView.swift */,
				9A6FFF2228378915002B0844 /* FocusView.swift */,
				9A8FA2F6283CC46900F6DBB8 /* FocusInfoView.swift */,
				9A6FFF2A28378A76002B0844 /* FocusViewModel.swift */,
			);
			path = "Focus Mode";
			sourceTree = "<group>";
		};
		9A6FFF512837F0E0002B0844 /* DataModels */ = {
			isa = PBXGroup;
			children = (
			);
			path = DataModels;
			sourceTree = "<group>";
		};
		9A6FFF542838EE0C002B0844 /* Breath */ = {
			isa = PBXGroup;
			children = (
				9AF92C62284A19BD0073FDDE /* BreathGradientView.swift */,
				9A8FA2F8283CCB4200F6DBB8 /* BreathInfoView.swift */,
				9A6FFF522838D1DB002B0844 /* BreathView.swift */,
				9A6FFF582838FE91002B0844 /* BreathViewModel.swift */,
				9A6FFF552838F1D6002B0844 /* FlowerView.swift */,
			);
			path = Breath;
			sourceTree = "<group>";
		};
		9A6FFF572838F636002B0844 /* RelaxView */ = {
			isa = PBXGroup;
			children = (
				9A6FFF24283789C5002B0844 /* RelaxView.swift */,
				9A6FFF4828379F74002B0844 /* RelaxView2.swift */,
				9A8FA2F4283BC7C000F6DBB8 /* SpringAnim.swift */,
			);
			path = RelaxView;
			sourceTree = "<group>";
		};
		9A8FA2FE283E219E00F6DBB8 /* Smart Mode */ = {
			isa = PBXGroup;
			children = (
				9A6FFF20283788E0002B0844 /* SmartView.swift */,
				9A8FA2FC283E217600F6DBB8 /* SmartInfoView.swift */,
			);
			path = "Smart Mode";
			sourceTree = "<group>";
		};
/* End PBXGroup section */

/* Begin PBXNativeTarget section */
		9A6FFF0C2837886D002B0844 /* RelaxMax */ = {
			isa = PBXNativeTarget;
			buildConfigurationList = 9A6FFF1B2837886D002B0844 /* Build configuration list for PBXNativeTarget "RelaxMax" */;
			buildPhases = (
				9A6FFF092837886D002B0844 /* Sources */,
				9A6FFF0A2837886D002B0844 /* Frameworks */,
				9A6FFF0B2837886D002B0844 /* Resources */,
			);
			buildRules = (
			);
			dependencies = (
			);
			name = RelaxMax;
			packageProductDependencies = (
				9A9ED4F5284768ED00D2486E /* CollectionViewPagingLayout */,
			);
			productName = RelaxMax;
			productReference = 9A6FFF0D2837886D002B0844 /* RelaxMax.app */;
			productType = "com.apple.product-type.application";
		};
/* End PBXNativeTarget section */

/* Begin PBXProject section */
		9A6FFF052837886D002B0844 /* Project object */ = {
			isa = PBXProject;
			attributes = {
				BuildIndependentTargetsInParallel = 1;
				LastSwiftUpdateCheck = 1330;
				LastUpgradeCheck = 1330;
				TargetAttributes = {
					9A6FFF0C2837886D002B0844 = {
						CreatedOnToolsVersion = 13.3;
					};
				};
			};
			buildConfigurationList = 9A6FFF082837886D002B0844 /* Build configuration list for PBXProject "RelaxMax" */;
			compatibilityVersion = "Xcode 13.0";
			developmentRegion = en;
			hasScannedForEncodings = 0;
			knownRegions = (
				en,
				Base,
			);
			mainGroup = 9A6FFF042837886D002B0844;
			packageReferences = (
				9A9ED4F4284768ED00D2486E /* XCRemoteSwiftPackageReference "CollectionViewPagingLayout" */,
			);
			productRefGroup = 9A6FFF0E2837886D002B0844 /* Products */;
			projectDirPath = "";
			projectRoot = "";
			targets = (
				9A6FFF0C2837886D002B0844 /* RelaxMax */,
			);
		};
/* End PBXProject section */

/* Begin PBXResourcesBuildPhase section */
		9A6FFF0B2837886D002B0844 /* Resources */ = {
			isa = PBXResourcesBuildPhase;
			buildActionMask = 2147483647;
			files = (
				9A8FA2EF283A65D100F6DBB8 /* bell.wav in Resources */,
				9A6FFF3E28378D3E002B0844 /* sound2.mp3 in Resources */,
				9A6FFF182837886D002B0844 /* Preview Assets.xcassets in Resources */,
				9A6FFF4E2837F09B002B0844 /* quotes.json in Resources */,
				9A6FFF152837886D002B0844 /* Assets.xcassets in Resources */,
				9A6FFF3F28378D3E002B0844 /* relax1.mp3 in Resources */,
				9A75F0F72843924A00A3096B /* Breath.mp3 in Resources */,
				9A75F0F5284381DB00A3096B /* inhale.mp3 in Resources */,
				9A8FA2FB283D4A5400F6DBB8 /* marconi.mp3 in Resources */,
				9A75F0F3284381C700A3096B /* exhale.mp3 in Resources */,
				9A75F0F92843A5A500A3096B /* breathReward.mp3 in Resources */,
				9A6FFF3D28378D3E002B0844 /* sound1.mp3 in Resources */,
				9A8FA308283F7F9800F6DBB8 /* spaceVideo.mov in Resources */,
			);
			runOnlyForDeploymentPostprocessing = 0;
		};
/* End PBXResourcesBuildPhase section */

/* Begin PBXSourcesBuildPhase section */
		9A6FFF092837886D002B0844 /* Sources */ = {
			isa = PBXSourcesBuildPhase;
			buildActionMask = 2147483647;
			files = (
				9A6FFF3728378C3B002B0844 /* CircleModel.swift in Sources */,
				9A6FFF2D28378AB5002B0844 /* AudioService.swift in Sources */,
				9A8FA2F1283A6CE300F6DBB8 /* TestView.swift in Sources */,
				9A6FFF3128378B82002B0844 /* CirclesAnimationView.swift in Sources */,
				9A6FFF2928378A55002B0844 /* GradientAnim.swift in Sources */,
				9A8FA2F7283CC46900F6DBB8 /* FocusInfoView.swift in Sources */,
				9A6FFF502837F0CF002B0844 /* QuoteService.swift in Sources */,
				9A8FA2F9283CCB4200F6DBB8 /* BreathInfoView.swift in Sources */,
				9A8FA2F5283BC7C000F6DBB8 /* SpringAnim.swift in Sources */,
				9A6FFF4928379F74002B0844 /* RelaxView2.swift in Sources */,
				9A6FFF21283788E0002B0844 /* SmartView.swift in Sources */,
				9A6FFF4B2837A58E002B0844 /* HomeFrameView.swift in Sources */,
				9A6FFF2F28378B45002B0844 /* ClockView.swift in Sources */,
				9A6FFF1F2837888D002B0844 /* HomeView.swift in Sources */,
				9A6FFF4328379DF0002B0844 /* Extensions.swift in Sources */,
				9AAF66C72848E5B6005C52B4 /* CircularProgressView.swift in Sources */,
				9A6FFF3328378BBB002B0844 /* PlayerAudioView.swift in Sources */,
				9A9ED4FA28476CFD00D2486E /* TimeOptionsView.swift in Sources */,
				9AF92C63284A19BD0073FDDE /* BreathGradientView.swift in Sources */,
				9A8FA306283F772900F6DBB8 /* FocusFrameView.swift in Sources */,
				9A8FA304283F6D3B00F6DBB8 /* BreathFrameView.swift in Sources */,
				9A6FFF592838FE91002B0844 /* BreathViewModel.swift in Sources */,
				9A6FFF532838D1DB002B0844 /* BreathView.swift in Sources */,
				9A8FA2FD283E217600F6DBB8 /* SmartInfoView.swift in Sources */,
				9A6FFF25283789C5002B0844 /* RelaxView.swift in Sources */,
				9A6FFF112837886D002B0844 /* RelaxMaxApp.swift in Sources */,
				9A8FA302283F6C3F00F6DBB8 /* SmartFrameView.swift in Sources */,
				9A6FFF2328378915002B0844 /* FocusView.swift in Sources */,
				9A6FFF3528378C10002B0844 /* TimerService.swift in Sources */,
				9AF92C65284BA0C50073FDDE /* FocusGradientView.swift in Sources */,
				9A02F972283F80DC00C1737D /* VideoPlayer.swift in Sources */,
				9A6FFF562838F1D6002B0844 /* FlowerView.swift in Sources */,
				9A6FFF2B28378A76002B0844 /* FocusViewModel.swift in Sources */,
			);
			runOnlyForDeploymentPostprocessing = 0;
		};
/* End PBXSourcesBuildPhase section */

/* Begin XCBuildConfiguration section */
		9A6FFF192837886D002B0844 /* Debug */ = {
			isa = XCBuildConfiguration;
			buildSettings = {
				ALWAYS_SEARCH_USER_PATHS = NO;
				CLANG_ANALYZER_NONNULL = YES;
				CLANG_ANALYZER_NUMBER_OBJECT_CONVERSION = YES_AGGRESSIVE;
				CLANG_CXX_LANGUAGE_STANDARD = "gnu++17";
				CLANG_ENABLE_MODULES = YES;
				CLANG_ENABLE_OBJC_ARC = YES;
				CLANG_ENABLE_OBJC_WEAK = YES;
				CLANG_WARN_BLOCK_CAPTURE_AUTORELEASING = YES;
				CLANG_WARN_BOOL_CONVERSION = YES;
				CLANG_WARN_COMMA = YES;
				CLANG_WARN_CONSTANT_CONVERSION = YES;
				CLANG_WARN_DEPRECATED_OBJC_IMPLEMENTATIONS = YES;
				CLANG_WARN_DIRECT_OBJC_ISA_USAGE = YES_ERROR;
				CLANG_WARN_DOCUMENTATION_COMMENTS = YES;
				CLANG_WARN_EMPTY_BODY = YES;
				CLANG_WARN_ENUM_CONVERSION = YES;
				CLANG_WARN_INFINITE_RECURSION = YES;
				CLANG_WARN_INT_CONVERSION = YES;
				CLANG_WARN_NON_LITERAL_NULL_CONVERSION = YES;
				CLANG_WARN_OBJC_IMPLICIT_RETAIN_SELF = YES;
				CLANG_WARN_OBJC_LITERAL_CONVERSION = YES;
				CLANG_WARN_OBJC_ROOT_CLASS = YES_ERROR;
				CLANG_WARN_QUOTED_INCLUDE_IN_FRAMEWORK_HEADER = YES;
				CLANG_WARN_RANGE_LOOP_ANALYSIS = YES;
				CLANG_WARN_STRICT_PROTOTYPES = YES;
				CLANG_WARN_SUSPICIOUS_MOVE = YES;
				CLANG_WARN_UNGUARDED_AVAILABILITY = YES_AGGRESSIVE;
				CLANG_WARN_UNREACHABLE_CODE = YES;
				CLANG_WARN__DUPLICATE_METHOD_MATCH = YES;
				COPY_PHASE_STRIP = NO;
				DEBUG_INFORMATION_FORMAT = dwarf;
				ENABLE_STRICT_OBJC_MSGSEND = YES;
				ENABLE_TESTABILITY = YES;
				GCC_C_LANGUAGE_STANDARD = gnu11;
				GCC_DYNAMIC_NO_PIC = NO;
				GCC_NO_COMMON_BLOCKS = YES;
				GCC_OPTIMIZATION_LEVEL = 0;
				GCC_PREPROCESSOR_DEFINITIONS = (
					"DEBUG=1",
					"$(inherited)",
				);
				GCC_WARN_64_TO_32_BIT_CONVERSION = YES;
				GCC_WARN_ABOUT_RETURN_TYPE = YES_ERROR;
				GCC_WARN_UNDECLARED_SELECTOR = YES;
				GCC_WARN_UNINITIALIZED_AUTOS = YES_AGGRESSIVE;
				GCC_WARN_UNUSED_FUNCTION = YES;
				GCC_WARN_UNUSED_VARIABLE = YES;
				IPHONEOS_DEPLOYMENT_TARGET = 15.4;
				MTL_ENABLE_DEBUG_INFO = INCLUDE_SOURCE;
				MTL_FAST_MATH = YES;
				ONLY_ACTIVE_ARCH = YES;
				SDKROOT = iphoneos;
				SWIFT_ACTIVE_COMPILATION_CONDITIONS = DEBUG;
				SWIFT_OPTIMIZATION_LEVEL = "-Onone";
			};
			name = Debug;
		};
		9A6FFF1A2837886D002B0844 /* Release */ = {
			isa = XCBuildConfiguration;
			buildSettings = {
				ALWAYS_SEARCH_USER_PATHS = NO;
				CLANG_ANALYZER_NONNULL = YES;
				CLANG_ANALYZER_NUMBER_OBJECT_CONVERSION = YES_AGGRESSIVE;
				CLANG_CXX_LANGUAGE_STANDARD = "gnu++17";
				CLANG_ENABLE_MODULES = YES;
				CLANG_ENABLE_OBJC_ARC = YES;
				CLANG_ENABLE_OBJC_WEAK = YES;
				CLANG_WARN_BLOCK_CAPTURE_AUTORELEASING = YES;
				CLANG_WARN_BOOL_CONVERSION = YES;
				CLANG_WARN_COMMA = YES;
				CLANG_WARN_CONSTANT_CONVERSION = YES;
				CLANG_WARN_DEPRECATED_OBJC_IMPLEMENTATIONS = YES;
				CLANG_WARN_DIRECT_OBJC_ISA_USAGE = YES_ERROR;
				CLANG_WARN_DOCUMENTATION_COMMENTS = YES;
				CLANG_WARN_EMPTY_BODY = YES;
				CLANG_WARN_ENUM_CONVERSION = YES;
				CLANG_WARN_INFINITE_RECURSION = YES;
				CLANG_WARN_INT_CONVERSION = YES;
				CLANG_WARN_NON_LITERAL_NULL_CONVERSION = YES;
				CLANG_WARN_OBJC_IMPLICIT_RETAIN_SELF = YES;
				CLANG_WARN_OBJC_LITERAL_CONVERSION = YES;
				CLANG_WARN_OBJC_ROOT_CLASS = YES_ERROR;
				CLANG_WARN_QUOTED_INCLUDE_IN_FRAMEWORK_HEADER = YES;
				CLANG_WARN_RANGE_LOOP_ANALYSIS = YES;
				CLANG_WARN_STRICT_PROTOTYPES = YES;
				CLANG_WARN_SUSPICIOUS_MOVE = YES;
				CLANG_WARN_UNGUARDED_AVAILABILITY = YES_AGGRESSIVE;
				CLANG_WARN_UNREACHABLE_CODE = YES;
				CLANG_WARN__DUPLICATE_METHOD_MATCH = YES;
				COPY_PHASE_STRIP = NO;
				DEBUG_INFORMATION_FORMAT = "dwarf-with-dsym";
				ENABLE_NS_ASSERTIONS = NO;
				ENABLE_STRICT_OBJC_MSGSEND = YES;
				GCC_C_LANGUAGE_STANDARD = gnu11;
				GCC_NO_COMMON_BLOCKS = YES;
				GCC_WARN_64_TO_32_BIT_CONVERSION = YES;
				GCC_WARN_ABOUT_RETURN_TYPE = YES_ERROR;
				GCC_WARN_UNDECLARED_SELECTOR = YES;
				GCC_WARN_UNINITIALIZED_AUTOS = YES_AGGRESSIVE;
				GCC_WARN_UNUSED_FUNCTION = YES;
				GCC_WARN_UNUSED_VARIABLE = YES;
				IPHONEOS_DEPLOYMENT_TARGET = 15.4;
				MTL_ENABLE_DEBUG_INFO = NO;
				MTL_FAST_MATH = YES;
				SDKROOT = iphoneos;
				SWIFT_COMPILATION_MODE = wholemodule;
				SWIFT_OPTIMIZATION_LEVEL = "-O";
				VALIDATE_PRODUCT = YES;
			};
			name = Release;
		};
		9A6FFF1C2837886D002B0844 /* Debug */ = {
			isa = XCBuildConfiguration;
			buildSettings = {
				ASSETCATALOG_COMPILER_APPICON_NAME = AppIcon;
				ASSETCATALOG_COMPILER_GLOBAL_ACCENT_COLOR_NAME = AccentColor;
				CODE_SIGN_STYLE = Automatic;
				CURRENT_PROJECT_VERSION = 1;
				DEVELOPMENT_ASSET_PATHS = "\"RelaxMax/Preview Content\"";
				DEVELOPMENT_TEAM = 2T8KN29479;
				ENABLE_PREVIEWS = YES;
				GENERATE_INFOPLIST_FILE = YES;
				INFOPLIST_KEY_NSMicrophoneUsageDescription = "\"test micro\"";
				INFOPLIST_KEY_UIApplicationSceneManifest_Generation = YES;
				INFOPLIST_KEY_UIApplicationSupportsIndirectInputEvents = YES;
				INFOPLIST_KEY_UILaunchScreen_Generation = YES;
				INFOPLIST_KEY_UISupportedInterfaceOrientations_iPad = "UIInterfaceOrientationPortrait UIInterfaceOrientationPortraitUpsideDown UIInterfaceOrientationLandscapeLeft UIInterfaceOrientationLandscapeRight";
				INFOPLIST_KEY_UISupportedInterfaceOrientations_iPhone = "UIInterfaceOrientationPortrait UIInterfaceOrientationLandscapeLeft UIInterfaceOrientationLandscapeRight";
				LD_RUNPATH_SEARCH_PATHS = (
					"$(inherited)",
					"@executable_path/Frameworks",
				);
				MARKETING_VERSION = 1.0;
				PRODUCT_BUNDLE_IDENTIFIER = hquart.RelaxMax;
				PRODUCT_NAME = "$(TARGET_NAME)";
				SWIFT_EMIT_LOC_STRINGS = YES;
				SWIFT_VERSION = 5.0;
				TARGETED_DEVICE_FAMILY = "1,2";
			};
			name = Debug;
		};
		9A6FFF1D2837886D002B0844 /* Release */ = {
			isa = XCBuildConfiguration;
			buildSettings = {
				ASSETCATALOG_COMPILER_APPICON_NAME = AppIcon;
				ASSETCATALOG_COMPILER_GLOBAL_ACCENT_COLOR_NAME = AccentColor;
				CODE_SIGN_STYLE = Automatic;
				CURRENT_PROJECT_VERSION = 1;
				DEVELOPMENT_ASSET_PATHS = "\"RelaxMax/Preview Content\"";
				DEVELOPMENT_TEAM = 2T8KN29479;
				ENABLE_PREVIEWS = YES;
				GENERATE_INFOPLIST_FILE = YES;
				INFOPLIST_KEY_NSMicrophoneUsageDescription = "\"test micro\"";
				INFOPLIST_KEY_UIApplicationSceneManifest_Generation = YES;
				INFOPLIST_KEY_UIApplicationSupportsIndirectInputEvents = YES;
				INFOPLIST_KEY_UILaunchScreen_Generation = YES;
				INFOPLIST_KEY_UISupportedInterfaceOrientations_iPad = "UIInterfaceOrientationPortrait UIInterfaceOrientationPortraitUpsideDown UIInterfaceOrientationLandscapeLeft UIInterfaceOrientationLandscapeRight";
				INFOPLIST_KEY_UISupportedInterfaceOrientations_iPhone = "UIInterfaceOrientationPortrait UIInterfaceOrientationLandscapeLeft UIInterfaceOrientationLandscapeRight";
				LD_RUNPATH_SEARCH_PATHS = (
					"$(inherited)",
					"@executable_path/Frameworks",
				);
				MARKETING_VERSION = 1.0;
				PRODUCT_BUNDLE_IDENTIFIER = hquart.RelaxMax;
				PRODUCT_NAME = "$(TARGET_NAME)";
				SWIFT_EMIT_LOC_STRINGS = YES;
				SWIFT_VERSION = 5.0;
				TARGETED_DEVICE_FAMILY = "1,2";
			};
			name = Release;
		};
/* End XCBuildConfiguration section */

/* Begin XCConfigurationList section */
		9A6FFF082837886D002B0844 /* Build configuration list for PBXProject "RelaxMax" */ = {
			isa = XCConfigurationList;
			buildConfigurations = (
				9A6FFF192837886D002B0844 /* Debug */,
				9A6FFF1A2837886D002B0844 /* Release */,
			);
			defaultConfigurationIsVisible = 0;
			defaultConfigurationName = Release;
		};
		9A6FFF1B2837886D002B0844 /* Build configuration list for PBXNativeTarget "RelaxMax" */ = {
			isa = XCConfigurationList;
			buildConfigurations = (
				9A6FFF1C2837886D002B0844 /* Debug */,
				9A6FFF1D2837886D002B0844 /* Release */,
			);
			defaultConfigurationIsVisible = 0;
			defaultConfigurationName = Release;
		};
/* End XCConfigurationList section */

/* Begin XCRemoteSwiftPackageReference section */
		9A9ED4F4284768ED00D2486E /* XCRemoteSwiftPackageReference "CollectionViewPagingLayout" */ = {
			isa = XCRemoteSwiftPackageReference;
			repositoryURL = "https://github.com/amirdew/CollectionViewPagingLayout";
			requirement = {
				branch = master;
				kind = branch;
			};
		};
/* End XCRemoteSwiftPackageReference section */

/* Begin XCSwiftPackageProductDependency section */
		9A9ED4F5284768ED00D2486E /* CollectionViewPagingLayout */ = {
			isa = XCSwiftPackageProductDependency;
			package = 9A9ED4F4284768ED00D2486E /* XCRemoteSwiftPackageReference "CollectionViewPagingLayout" */;
			productName = CollectionViewPagingLayout;
		};
/* End XCSwiftPackageProductDependency section */
	};
	rootObject = 9A6FFF052837886D002B0844 /* Project object */;
}
